
Microsoft Visual Studio Solution File, Format Version 12.00
# Visual Studio Version 16
VisualStudioVersion = 16.0.29318.209
MinimumVisualStudioVersion = 10.0.40219.1
Project("{FAE04EC0-301F-11D3-BF4B-00C04F79EFBC}") = "irf_6gy", "irf_6gy.csproj", "{F4D6E333-FB3B-4866-BE10-B1931DCD7FCA}"
EndProject
Global
	GlobalSection(SolutionConfigurationPlatforms) = preSolution
		Debug|Any CPU = Debug|Any CPU
		Release|Any CPU = Release|Any CPU
	EndGlobalSection
	GlobalSection(ProjectConfigurationPlatforms) = postSolution
		{F4D6E333-FB3B-4866-BE10-B1931DCD7FCA}.Debug|Any CPU.ActiveCfg = Debug|Any CPU
		{F4D6E333-FB3B-4866-BE10-B1931DCD7FCA}.Debug|Any CPU.Build.0 = Debug|Any CPU
		{F4D6E333-FB3B-4866-BE10-B1931DCD7FCA}.Release|Any CPU.ActiveCfg = Release|Any CPU
		{F4D6E333-FB3B-4866-BE10-B1931DCD7FCA}.Release|Any CPU.Build.0 = Release|Any CPU
	EndGlobalSection
	GlobalSection(SolutionProperties) = preSolution
		HideSolutionNode = FALSE
	EndGlobalSection
	GlobalSection(ExtensibilityGlobals) = postSolution
		SolutionGuid = {97783194-9273-4371-8E62-AA1DACFE35D9}
	EndGlobalSection
EndGlobal
